
Microsoft Visual Studio Solution File, Format Version 12.00
# Visual Studio Version 16
VisualStudioVersion = 16.0.29409.12
MinimumVisualStudioVersion = 10.0.40219.1
Project("{FAE04EC0-301F-11D3-BF4B-00C04F79EFBC}") = "BattleShipLibrary", "BattleShipLibrary\BattleShipLibrary.csproj", "{45CC6FF8-B2A8-4BA2-8F7F-748E4ADA9B57}"
EndProject
Project("{FAE04EC0-301F-11D3-BF4B-00C04F79EFBC}") = "BattleShip", "ConsoleUI\BattleShip.csproj", "{1A634ED4-4E47-4951-9703-DCF2264F5D4D}"
EndProject
Global
	GlobalSection(SolutionConfigurationPlatforms) = preSolution
		Debug|Any CPU = Debug|Any CPU
		Release|Any CPU = Release|Any CPU
	EndGlobalSection
	GlobalSection(ProjectConfigurationPlatforms) = postSolution
		{45CC6FF8-B2A8-4BA2-8F7F-748E4ADA9B57}.Debug|Any CPU.ActiveCfg = Debug|Any CPU
		{45CC6FF8-B2A8-4BA2-8F7F-748E4ADA9B57}.Debug|Any CPU.Build.0 = Debug|Any CPU
		{45CC6FF8-B2A8-4BA2-8F7F-748E4ADA9B57}.Release|Any CPU.ActiveCfg = Release|Any CPU
		{45CC6FF8-B2A8-4BA2-8F7F-748E4ADA9B57}.Release|Any CPU.Build.0 = Release|Any CPU
		{1A634ED4-4E47-4951-9703-DCF2264F5D4D}.Debug|Any CPU.ActiveCfg = Debug|Any CPU
		{1A634ED4-4E47-4951-9703-DCF2264F5D4D}.Debug|Any CPU.Build.0 = Debug|Any CPU
		{1A634ED4-4E47-4951-9703-DCF2264F5D4D}.Release|Any CPU.ActiveCfg = Release|Any CPU
		{1A634ED4-4E47-4951-9703-DCF2264F5D4D}.Release|Any CPU.Build.0 = Release|Any CPU
	EndGlobalSection
	GlobalSection(SolutionProperties) = preSolution
		HideSolutionNode = FALSE
	EndGlobalSection
	GlobalSection(ExtensibilityGlobals) = postSolution
		SolutionGuid = {62DB8C2C-41F3-4D92-A352-27EF5C6558B1}
	EndGlobalSection
EndGlobal
